
Microsoft Visual Studio Solution File, Format Version 12.00
# Visual Studio Version 17
VisualStudioVersion = 17.7.34221.43
MinimumVisualStudioVersion = 10.0.40219.1
Project("{8BC9CEB8-8B4A-11D0-8D11-00A0C91BC942}") = "Fibonacci", "Fibonacci.vcxproj", "{6D9A9117-A7A2-4B31-A61F-676DC671B5C5}"
EndProject
Global
	GlobalSection(SolutionConfigurationPlatforms) = preSolution
		Debug|x64 = Debug|x64
		Debug|x86 = Debug|x86
		Release|x64 = Release|x64
		Release|x86 = Release|x86
	EndGlobalSection
	GlobalSection(ProjectConfigurationPlatforms) = postSolution
		{6D9A9117-A7A2-4B31-A61F-676DC671B5C5}.Debug|x64.ActiveCfg = Debug|x64
		{6D9A9117-A7A2-4B31-A61F-676DC671B5C5}.Debug|x64.Build.0 = Debug|x64
		{6D9A9117-A7A2-4B31-A61F-676DC671B5C5}.Debug|x86.ActiveCfg = Debug|Win32
		{6D9A9117-A7A2-4B31-A61F-676DC671B5C5}.Debug|x86.Build.0 = Debug|Win32
		{6D9A9117-A7A2-4B31-A61F-676DC671B5C5}.Release|x64.ActiveCfg = Release|x64
		{6D9A9117-A7A2-4B31-A61F-676DC671B5C5}.Release|x64.Build.0 = Release|x64
		{6D9A9117-A7A2-4B31-A61F-676DC671B5C5}.Release|x86.ActiveCfg = Release|Win32
		{6D9A9117-A7A2-4B31-A61F-676DC671B5C5}.Release|x86.Build.0 = Release|Win32
	EndGlobalSection
	GlobalSection(SolutionProperties) = preSolution
		HideSolutionNode = FALSE
	EndGlobalSection
	GlobalSection(ExtensibilityGlobals) = postSolution
		SolutionGuid = {08FAD794-FDB5-4808-BBC4-3C00D77BF88B}
	EndGlobalSection
EndGlobal
