
Microsoft Visual Studio Solution File, Format Version 12.00
# Visual Studio Version 17
VisualStudioVersion = 17.10.35027.167
MinimumVisualStudioVersion = 10.0.40219.1
Project("{8BC9CEB8-8B4A-11D0-8D11-00A0C91BC942}") = "TiroAllaFune", "TiroAllaFune.vcxproj", "{E31BBB74-7C75-47E7-8F07-7275692EC426}"
EndProject
Global
	GlobalSection(SolutionConfigurationPlatforms) = preSolution
		Debug|x64 = Debug|x64
		Debug|x86 = Debug|x86
		Release|x64 = Release|x64
		Release|x86 = Release|x86
	EndGlobalSection
	GlobalSection(ProjectConfigurationPlatforms) = postSolution
		{E31BBB74-7C75-47E7-8F07-7275692EC426}.Debug|x64.ActiveCfg = Debug|x64
		{E31BBB74-7C75-47E7-8F07-7275692EC426}.Debug|x64.Build.0 = Debug|x64
		{E31BBB74-7C75-47E7-8F07-7275692EC426}.Debug|x86.ActiveCfg = Debug|Win32
		{E31BBB74-7C75-47E7-8F07-7275692EC426}.Debug|x86.Build.0 = Debug|Win32
		{E31BBB74-7C75-47E7-8F07-7275692EC426}.Release|x64.ActiveCfg = Release|x64
		{E31BBB74-7C75-47E7-8F07-7275692EC426}.Release|x64.Build.0 = Release|x64
		{E31BBB74-7C75-47E7-8F07-7275692EC426}.Release|x86.ActiveCfg = Release|Win32
		{E31BBB74-7C75-47E7-8F07-7275692EC426}.Release|x86.Build.0 = Release|Win32
	EndGlobalSection
	GlobalSection(SolutionProperties) = preSolution
		HideSolutionNode = FALSE
	EndGlobalSection
	GlobalSection(ExtensibilityGlobals) = postSolution
		SolutionGuid = {C9D51DED-0200-40BB-91E8-D12D8E0C191F}
	EndGlobalSection
EndGlobal
